
Microsoft Visual Studio Solution File, Format Version 12.00
# Visual Studio Version 16
VisualStudioVersion = 16.0.30709.64
MinimumVisualStudioVersion = 10.0.40219.1
Project("{9A19103F-16F7-4668-BE54-9A1E7A4F7556}") = "SmartLabeling.API", "SmartLabeling.API\SmartLabeling.API.csproj", "{3CFC96D8-02C8-4E2C-B8CD-1ABCB5AC88D3}"
EndProject
Global
	GlobalSection(SolutionConfigurationPlatforms) = preSolution
		Debug|Any CPU = Debug|Any CPU
		Release|Any CPU = Release|Any CPU
	EndGlobalSection
	GlobalSection(ProjectConfigurationPlatforms) = postSolution
		{3CFC96D8-02C8-4E2C-B8CD-1ABCB5AC88D3}.Debug|Any CPU.ActiveCfg = Debug|Any CPU
		{3CFC96D8-02C8-4E2C-B8CD-1ABCB5AC88D3}.Debug|Any CPU.Build.0 = Debug|Any CPU
		{3CFC96D8-02C8-4E2C-B8CD-1ABCB5AC88D3}.Release|Any CPU.ActiveCfg = Release|Any CPU
		{3CFC96D8-02C8-4E2C-B8CD-1ABCB5AC88D3}.Release|Any CPU.Build.0 = Release|Any CPU
	EndGlobalSection
	GlobalSection(SolutionProperties) = preSolution
		HideSolutionNode = FALSE
	EndGlobalSection
	GlobalSection(ExtensibilityGlobals) = postSolution
		SolutionGuid = {65591169-D207-41B3-903D-22DDC0DBE894}
	EndGlobalSection
EndGlobal
